
Microsoft Visual Studio Solution File, Format Version 12.00
# Visual Studio Version 16
VisualStudioVersion = 16.0.30503.244
MinimumVisualStudioVersion = 10.0.40219.1
Project("{9A19103F-16F7-4668-BE54-9A1E7A4F7556}") = "L01DayOfWeek", "L01DayOfWeek\L01DayOfWeek.csproj", "{C51469BC-2C5D-42C1-B1B8-B92DAB26D1EE}"
EndProject
Project("{9A19103F-16F7-4668-BE54-9A1E7A4F7556}") = "L02WeekendOrWorkingDay", "L02WeekendOrWorkingDay\L02WeekendOrWorkingDay.csproj", "{6A2B6B1C-A1E8-4937-AA47-063CF7B5ED45}"
EndProject
Project("{9A19103F-16F7-4668-BE54-9A1E7A4F7556}") = "L03AnimalType", "L03AnimalType\L03AnimalType.csproj", "{3E489109-18CA-4C4F-9194-8793EE746C8E}"
EndProject
Project("{9A19103F-16F7-4668-BE54-9A1E7A4F7556}") = "L04PersonalTitles", "L04PersonalTitles\L04PersonalTitles.csproj", "{F4C897E1-82EB-4E59-BB3C-C7CD0BDBE9C0}"
EndProject
Project("{9A19103F-16F7-4668-BE54-9A1E7A4F7556}") = "L05SmallShop", "L05SmallShop\L05SmallShop.csproj", "{712F0930-FBB4-4E98-9162-B1C40CC62FDA}"
EndProject
Project("{9A19103F-16F7-4668-BE54-9A1E7A4F7556}") = "L06NumberInRange", "L06NumberInRange\L06NumberInRange.csproj", "{3DC8C9E9-9537-47FB-A199-30DF5F5D1F16}"
EndProject
Project("{FAE04EC0-301F-11D3-BF4B-00C04F79EFBC}") = "L07WorkingHours", "L07WorkingHours\L07WorkingHours.csproj", "{A91297E0-648A-4DDC-97D2-21B905C0E9D9}"
EndProject
Project("{FAE04EC0-301F-11D3-BF4B-00C04F79EFBC}") = "L08CinemaTicket", "L08CinemaTicket\L08CinemaTicket.csproj", "{16023CD0-091B-425F-8DD5-DF0591BFC8E4}"
EndProject
Project("{FAE04EC0-301F-11D3-BF4B-00C04F79EFBC}") = "L09FruitOrVegetable", "L09FruitOrVegetable\L09FruitOrVegetable.csproj", "{7FC2BC44-F883-40ED-AE97-FF9D9D9B771B}"
EndProject
Project("{FAE04EC0-301F-11D3-BF4B-00C04F79EFBC}") = "L10InvalidNumber", "L10InvalidNumber\L10InvalidNumber.csproj", "{A230F233-9368-4CEF-982C-FAD2D4EBAFD4}"
EndProject
Project("{FAE04EC0-301F-11D3-BF4B-00C04F79EFBC}") = "L11FruitShop", "L11FruitShop\L11FruitShop.csproj", "{82AFEA24-EA45-4442-9D61-F7DD3A98FAE8}"
EndProject
Project("{FAE04EC0-301F-11D3-BF4B-00C04F79EFBC}") = "L12TradeCommissions", "L12TradeCommissions\L12TradeCommissions.csproj", "{7C4CD178-DC3F-4574-A093-48DC30A42289}"
EndProject
Project("{FAE04EC0-301F-11D3-BF4B-00C04F79EFBC}") = "L13SkiTrip", "L13SkiTrip\L13SkiTrip.csproj", "{5D785CB2-A724-49E7-8C38-2A452AAFAD74}"
EndProject
Project("{FAE04EC0-301F-11D3-BF4B-00C04F79EFBC}") = "E01Cinema", "E01Cinema\E01Cinema.csproj", "{9D566D8A-2591-4EB3-8799-43C3A9E5DE41}"
EndProject
Project("{FAE04EC0-301F-11D3-BF4B-00C04F79EFBC}") = "E02SummerOutfit", "E02SummerOutfit\E02SummerOutfit.csproj", "{8A45EAC7-F4D9-4A6D-A4AF-9C6AE7DB78F6}"
EndProject
Project("{FAE04EC0-301F-11D3-BF4B-00C04F79EFBC}") = "E03NewHouse", "E03NewHouse\E03NewHouse.csproj", "{D41B11BF-0330-46DD-AEA8-EF0D1645554A}"
EndProject
Project("{FAE04EC0-301F-11D3-BF4B-00C04F79EFBC}") = "E04FishingBoat", "E04FishingBoat\E04FishingBoat.csproj", "{2568CEF3-8494-4E80-9E11-C8A6451FC80F}"
EndProject
Project("{FAE04EC0-301F-11D3-BF4B-00C04F79EFBC}") = "E05Journey", "E05Journey\E05Journey.csproj", "{54E138AA-D541-4B65-AC9C-CBBB488ED43C}"
EndProject
Project("{FAE04EC0-301F-11D3-BF4B-00C04F79EFBC}") = "E06OperationsBetweenNumbers", "E06OperationsBetweenNumbers\E06OperationsBetweenNumbers.csproj", "{63A6DA4A-6E94-4725-A2E6-F65E5C1B593F}"
EndProject
Project("{FAE04EC0-301F-11D3-BF4B-00C04F79EFBC}") = "E07HotelRoom", "E07HotelRoom\E07HotelRoom.csproj", "{EE81A74E-22D6-46D8-963A-F4F802AE2085}"
EndProject
Project("{FAE04EC0-301F-11D3-BF4B-00C04F79EFBC}") = "E08OnTimeForTheExam", "E08OnTimeForTheExam\E08OnTimeForTheExam.csproj", "{B005AED1-8053-46BA-87D6-049F7E51CCF0}"
EndProject
Project("{FAE04EC0-301F-11D3-BF4B-00C04F79EFBC}") = "E09Volleyball", "E09Volleyball\E09Volleyball.csproj", "{57915A42-CA41-4272-8D09-8DAED006A0FD}"
EndProject
Global
	GlobalSection(SolutionConfigurationPlatforms) = preSolution
		Debug|Any CPU = Debug|Any CPU
		Release|Any CPU = Release|Any CPU
	EndGlobalSection
	GlobalSection(ProjectConfigurationPlatforms) = postSolution
		{C51469BC-2C5D-42C1-B1B8-B92DAB26D1EE}.Debug|Any CPU.ActiveCfg = Debug|Any CPU
		{C51469BC-2C5D-42C1-B1B8-B92DAB26D1EE}.Debug|Any CPU.Build.0 = Debug|Any CPU
		{C51469BC-2C5D-42C1-B1B8-B92DAB26D1EE}.Release|Any CPU.ActiveCfg = Release|Any CPU
		{C51469BC-2C5D-42C1-B1B8-B92DAB26D1EE}.Release|Any CPU.Build.0 = Release|Any CPU
		{6A2B6B1C-A1E8-4937-AA47-063CF7B5ED45}.Debug|Any CPU.ActiveCfg = Debug|Any CPU
		{6A2B6B1C-A1E8-4937-AA47-063CF7B5ED45}.Debug|Any CPU.Build.0 = Debug|Any CPU
		{6A2B6B1C-A1E8-4937-AA47-063CF7B5ED45}.Release|Any CPU.ActiveCfg = Release|Any CPU
		{6A2B6B1C-A1E8-4937-AA47-063CF7B5ED45}.Release|Any CPU.Build.0 = Release|Any CPU
		{3E489109-18CA-4C4F-9194-8793EE746C8E}.Debug|Any CPU.ActiveCfg = Debug|Any CPU
		{3E489109-18CA-4C4F-9194-8793EE746C8E}.Debug|Any CPU.Build.0 = Debug|Any CPU
		{3E489109-18CA-4C4F-9194-8793EE746C8E}.Release|Any CPU.ActiveCfg = Release|Any CPU
		{3E489109-18CA-4C4F-9194-8793EE746C8E}.Release|Any CPU.Build.0 = Release|Any CPU
		{F4C897E1-82EB-4E59-BB3C-C7CD0BDBE9C0}.Debug|Any CPU.ActiveCfg = Debug|Any CPU
		{F4C897E1-82EB-4E59-BB3C-C7CD0BDBE9C0}.Debug|Any CPU.Build.0 = Debug|Any CPU
		{F4C897E1-82EB-4E59-BB3C-C7CD0BDBE9C0}.Release|Any CPU.ActiveCfg = Release|Any CPU
		{F4C897E1-82EB-4E59-BB3C-C7CD0BDBE9C0}.Release|Any CPU.Build.0 = Release|Any CPU
		{712F0930-FBB4-4E98-9162-B1C40CC62FDA}.Debug|Any CPU.ActiveCfg = Debug|Any CPU
		{712F0930-FBB4-4E98-9162-B1C40CC62FDA}.Debug|Any CPU.Build.0 = Debug|Any CPU
		{712F0930-FBB4-4E98-9162-B1C40CC62FDA}.Release|Any CPU.ActiveCfg = Release|Any CPU
		{712F0930-FBB4-4E98-9162-B1C40CC62FDA}.Release|Any CPU.Build.0 = Release|Any CPU
		{3DC8C9E9-9537-47FB-A199-30DF5F5D1F16}.Debug|Any CPU.ActiveCfg = Debug|Any CPU
		{3DC8C9E9-9537-47FB-A199-30DF5F5D1F16}.Debug|Any CPU.Build.0 = Debug|Any CPU
		{3DC8C9E9-9537-47FB-A199-30DF5F5D1F16}.Release|Any CPU.ActiveCfg = Release|Any CPU
		{3DC8C9E9-9537-47FB-A199-30DF5F5D1F16}.Release|Any CPU.Build.0 = Release|Any CPU
		{A91297E0-648A-4DDC-97D2-21B905C0E9D9}.Debug|Any CPU.ActiveCfg = Debug|Any CPU
		{A91297E0-648A-4DDC-97D2-21B905C0E9D9}.Debug|Any CPU.Build.0 = Debug|Any CPU
		{A91297E0-648A-4DDC-97D2-21B905C0E9D9}.Release|Any CPU.ActiveCfg = Release|Any CPU
		{A91297E0-648A-4DDC-97D2-21B905C0E9D9}.Release|Any CPU.Build.0 = Release|Any CPU
		{16023CD0-091B-425F-8DD5-DF0591BFC8E4}.Debug|Any CPU.ActiveCfg = Debug|Any CPU
		{16023CD0-091B-425F-8DD5-DF0591BFC8E4}.Debug|Any CPU.Build.0 = Debug|Any CPU
		{16023CD0-091B-425F-8DD5-DF0591BFC8E4}.Release|Any CPU.ActiveCfg = Release|Any CPU
		{16023CD0-091B-425F-8DD5-DF0591BFC8E4}.Release|Any CPU.Build.0 = Release|Any CPU
		{7FC2BC44-F883-40ED-AE97-FF9D9D9B771B}.Debug|Any CPU.ActiveCfg = Debug|Any CPU
		{7FC2BC44-F883-40ED-AE97-FF9D9D9B771B}.Debug|Any CPU.Build.0 = Debug|Any CPU
		{7FC2BC44-F883-40ED-AE97-FF9D9D9B771B}.Release|Any CPU.ActiveCfg = Release|Any CPU
		{7FC2BC44-F883-40ED-AE97-FF9D9D9B771B}.Release|Any CPU.Build.0 = Release|Any CPU
		{A230F233-9368-4CEF-982C-FAD2D4EBAFD4}.Debug|Any CPU.ActiveCfg = Debug|Any CPU
		{A230F233-9368-4CEF-982C-FAD2D4EBAFD4}.Debug|Any CPU.Build.0 = Debug|Any CPU
		{A230F233-9368-4CEF-982C-FAD2D4EBAFD4}.Release|Any CPU.ActiveCfg = Release|Any CPU
		{A230F233-9368-4CEF-982C-FAD2D4EBAFD4}.Release|Any CPU.Build.0 = Release|Any CPU
		{82AFEA24-EA45-4442-9D61-F7DD3A98FAE8}.Debug|Any CPU.ActiveCfg = Debug|Any CPU
		{82AFEA24-EA45-4442-9D61-F7DD3A98FAE8}.Debug|Any CPU.Build.0 = Debug|Any CPU
		{82AFEA24-EA45-4442-9D61-F7DD3A98FAE8}.Release|Any CPU.ActiveCfg = Release|Any CPU
		{82AFEA24-EA45-4442-9D61-F7DD3A98FAE8}.Release|Any CPU.Build.0 = Release|Any CPU
		{7C4CD178-DC3F-4574-A093-48DC30A42289}.Debug|Any CPU.ActiveCfg = Debug|Any CPU
		{7C4CD178-DC3F-4574-A093-48DC30A42289}.Debug|Any CPU.Build.0 = Debug|Any CPU
		{7C4CD178-DC3F-4574-A093-48DC30A42289}.Release|Any CPU.ActiveCfg = Release|Any CPU
		{7C4CD178-DC3F-4574-A093-48DC30A42289}.Release|Any CPU.Build.0 = Release|Any CPU
		{5D785CB2-A724-49E7-8C38-2A452AAFAD74}.Debug|Any CPU.ActiveCfg = Debug|Any CPU
		{5D785CB2-A724-49E7-8C38-2A452AAFAD74}.Debug|Any CPU.Build.0 = Debug|Any CPU
		{5D785CB2-A724-49E7-8C38-2A452AAFAD74}.Release|Any CPU.ActiveCfg = Release|Any CPU
		{5D785CB2-A724-49E7-8C38-2A452AAFAD74}.Release|Any CPU.Build.0 = Release|Any CPU
		{9D566D8A-2591-4EB3-8799-43C3A9E5DE41}.Debug|Any CPU.ActiveCfg = Debug|Any CPU
		{9D566D8A-2591-4EB3-8799-43C3A9E5DE41}.Debug|Any CPU.Build.0 = Debug|Any CPU
		{9D566D8A-2591-4EB3-8799-43C3A9E5DE41}.Release|Any CPU.ActiveCfg = Release|Any CPU
		{9D566D8A-2591-4EB3-8799-43C3A9E5DE41}.Release|Any CPU.Build.0 = Release|Any CPU
		{8A45EAC7-F4D9-4A6D-A4AF-9C6AE7DB78F6}.Debug|Any CPU.ActiveCfg = Debug|Any CPU
		{8A45EAC7-F4D9-4A6D-A4AF-9C6AE7DB78F6}.Debug|Any CPU.Build.0 = Debug|Any CPU
		{8A45EAC7-F4D9-4A6D-A4AF-9C6AE7DB78F6}.Release|Any CPU.ActiveCfg = Release|Any CPU
		{8A45EAC7-F4D9-4A6D-A4AF-9C6AE7DB78F6}.Release|Any CPU.Build.0 = Release|Any CPU
		{D41B11BF-0330-46DD-AEA8-EF0D1645554A}.Debug|Any CPU.ActiveCfg = Debug|Any CPU
		{D41B11BF-0330-46DD-AEA8-EF0D1645554A}.Debug|Any CPU.Build.0 = Debug|Any CPU
		{D41B11BF-0330-46DD-AEA8-EF0D1645554A}.Release|Any CPU.ActiveCfg = Release|Any CPU
		{D41B11BF-0330-46DD-AEA8-EF0D1645554A}.Release|Any CPU.Build.0 = Release|Any CPU
		{2568CEF3-8494-4E80-9E11-C8A6451FC80F}.Debug|Any CPU.ActiveCfg = Debug|Any CPU
		{2568CEF3-8494-4E80-9E11-C8A6451FC80F}.Debug|Any CPU.Build.0 = Debug|Any CPU
		{2568CEF3-8494-4E80-9E11-C8A6451FC80F}.Release|Any CPU.ActiveCfg = Release|Any CPU
		{2568CEF3-8494-4E80-9E11-C8A6451FC80F}.Release|Any CPU.Build.0 = Release|Any CPU
		{54E138AA-D541-4B65-AC9C-CBBB488ED43C}.Debug|Any CPU.ActiveCfg = Debug|Any CPU
		{54E138AA-D541-4B65-AC9C-CBBB488ED43C}.Debug|Any CPU.Build.0 = Debug|Any CPU
		{54E138AA-D541-4B65-AC9C-CBBB488ED43C}.Release|Any CPU.ActiveCfg = Release|Any CPU
		{54E138AA-D541-4B65-AC9C-CBBB488ED43C}.Release|Any CPU.Build.0 = Release|Any CPU
		{63A6DA4A-6E94-4725-A2E6-F65E5C1B593F}.Debug|Any CPU.ActiveCfg = Debug|Any CPU
		{63A6DA4A-6E94-4725-A2E6-F65E5C1B593F}.Debug|Any CPU.Build.0 = Debug|Any CPU
		{63A6DA4A-6E94-4725-A2E6-F65E5C1B593F}.Release|Any CPU.ActiveCfg = Release|Any CPU
		{63A6DA4A-6E94-4725-A2E6-F65E5C1B593F}.Release|Any CPU.Build.0 = Release|Any CPU
		{EE81A74E-22D6-46D8-963A-F4F802AE2085}.Debug|Any CPU.ActiveCfg = Debug|Any CPU
		{EE81A74E-22D6-46D8-963A-F4F802AE2085}.Debug|Any CPU.Build.0 = Debug|Any CPU
		{EE81A74E-22D6-46D8-963A-F4F802AE2085}.Release|Any CPU.ActiveCfg = Release|Any CPU
		{EE81A74E-22D6-46D8-963A-F4F802AE2085}.Release|Any CPU.Build.0 = Release|Any CPU
		{B005AED1-8053-46BA-87D6-049F7E51CCF0}.Debug|Any CPU.ActiveCfg = Debug|Any CPU
		{B005AED1-8053-46BA-87D6-049F7E51CCF0}.Debug|Any CPU.Build.0 = Debug|Any CPU
		{B005AED1-8053-46BA-87D6-049F7E51CCF0}.Release|Any CPU.ActiveCfg = Release|Any CPU
		{B005AED1-8053-46BA-87D6-049F7E51CCF0}.Release|Any CPU.Build.0 = Release|Any CPU
		{57915A42-CA41-4272-8D09-8DAED006A0FD}.Debug|Any CPU.ActiveCfg = Debug|Any CPU
		{57915A42-CA41-4272-8D09-8DAED006A0FD}.Debug|Any CPU.Build.0 = Debug|Any CPU
		{57915A42-CA41-4272-8D09-8DAED006A0FD}.Release|Any CPU.ActiveCfg = Release|Any CPU
		{57915A42-CA41-4272-8D09-8DAED006A0FD}.Release|Any CPU.Build.0 = Release|Any CPU
	EndGlobalSection
	GlobalSection(SolutionProperties) = preSolution
		HideSolutionNode = FALSE
	EndGlobalSection
	GlobalSection(ExtensibilityGlobals) = postSolution
		SolutionGuid = {CB0C89D9-C3D1-486D-9F72-2A47F78654B3}
	EndGlobalSection
EndGlobal
