
Microsoft Visual Studio Solution File, Format Version 12.00
# Visual Studio Version 16
VisualStudioVersion = 16.0.30517.126
MinimumVisualStudioVersion = 10.0.40219.1
Project("{9A19103F-16F7-4668-BE54-9A1E7A4F7556}") = "L01ConvertMetersToKilometers", "L01ConvertMetersToKilometers\L01ConvertMetersToKilometers.csproj", "{5F87A4FA-178D-483C-8186-941823D4727F}"
EndProject
Project("{9A19103F-16F7-4668-BE54-9A1E7A4F7556}") = "L02PoundsToDollars", "L02PoundsToDollars\L02PoundsToDollars.csproj", "{2CB5B91F-83F4-4245-86BB-C7ECFAC6FA19}"
EndProject
Project("{9A19103F-16F7-4668-BE54-9A1E7A4F7556}") = "L03ExactSumOfRealNumbers", "L03ExactSumOfRealNumbers\L03ExactSumOfRealNumbers.csproj", "{F1F20766-5BFE-4467-8CFD-BA62D182D7A2}"
EndProject
Project("{9A19103F-16F7-4668-BE54-9A1E7A4F7556}") = "L04CenturiesToMinutes", "L04CenturiesToMinutes\L04CenturiesToMinutes.csproj", "{C09DD06E-0A5C-486C-81EC-50C77E175FC1}"
EndProject
Project("{9A19103F-16F7-4668-BE54-9A1E7A4F7556}") = "L05SpecialNumbers", "L05SpecialNumbers\L05SpecialNumbers.csproj", "{229A0B02-3FA6-40DC-9A5F-6CDF974BAA19}"
EndProject
Project("{9A19103F-16F7-4668-BE54-9A1E7A4F7556}") = "L06ReversedChars", "L06ReversedChars\L06ReversedChars.csproj", "{C8AA85FC-0505-4336-94DC-1FEF0F25D147}"
EndProject
Project("{9A19103F-16F7-4668-BE54-9A1E7A4F7556}") = "L07ConcatNames", "L07ConcatNames\L07ConcatNames.csproj", "{20D06CD4-FB14-4774-BB19-6718F6B094D1}"
EndProject
Project("{9A19103F-16F7-4668-BE54-9A1E7A4F7556}") = "L08TownInfo", "L08TownInfo\L08TownInfo.csproj", "{1AF9791C-D70B-4539-A6A0-1678234662D2}"
EndProject
Project("{9A19103F-16F7-4668-BE54-9A1E7A4F7556}") = "L09CharsToString", "L09CharsToString\L09CharsToString.csproj", "{109B0E38-2BFF-4DDC-B4F9-DB346D8312BC}"
EndProject
Project("{9A19103F-16F7-4668-BE54-9A1E7A4F7556}") = "L10LowerOrUpper", "L10LowerOrUpper\L10LowerOrUpper.csproj", "{C95FACEF-C1E9-4E13-BB4F-A3CBE900CD93}"
EndProject
Project("{9A19103F-16F7-4668-BE54-9A1E7A4F7556}") = "L11RefactorVolumeOfPyramid", "L11RefactorVolumeOfPyramid\L11RefactorVolumeOfPyramid.csproj", "{07652725-5213-433B-8650-403314275878}"
EndProject
Project("{9A19103F-16F7-4668-BE54-9A1E7A4F7556}") = "L12RefactorSpecialNumbers", "L12RefactorSpecialNumbers\L12RefactorSpecialNumbers.csproj", "{E7FE1149-852C-4D4C-ADA2-56780AA1E03B}"
EndProject
Project("{9A19103F-16F7-4668-BE54-9A1E7A4F7556}") = "E01IntegerOperations", "E01IntegerOperations\E01IntegerOperations.csproj", "{542881AD-3D09-4E98-B103-953293E0AB7C}"
EndProject
Project("{9A19103F-16F7-4668-BE54-9A1E7A4F7556}") = "E02SumDigits", "E02SumDigits\E02SumDigits.csproj", "{AB6E752F-A071-4E07-9F22-F989AF95B37D}"
EndProject
Project("{9A19103F-16F7-4668-BE54-9A1E7A4F7556}") = "E03Elevator", "E03Elevator\E03Elevator.csproj", "{EBE8ED56-C1B9-4666-947E-09345A33E5C0}"
EndProject
Project("{9A19103F-16F7-4668-BE54-9A1E7A4F7556}") = "E04SumOfChars", "E04SumOfChars\E04SumOfChars.csproj", "{1FBF0AA6-F725-49DB-BBEA-0E1F87034411}"
EndProject
Project("{9A19103F-16F7-4668-BE54-9A1E7A4F7556}") = "E05PrintPartOfASCIITable", "E05PrintPartOfASCIITable\E05PrintPartOfASCIITable.csproj", "{9E15A1BB-2EF2-41B2-8126-7176625B0779}"
EndProject
Project("{9A19103F-16F7-4668-BE54-9A1E7A4F7556}") = "E06TriplesOfLatinLetters", "E06TriplesOfLatinLetters\E06TriplesOfLatinLetters.csproj", "{FCB03F34-9295-41F2-99B4-9BB5FEF1B2D6}"
EndProject
Project("{9A19103F-16F7-4668-BE54-9A1E7A4F7556}") = "E07WaterOverflow", "E07WaterOverflow\E07WaterOverflow.csproj", "{F3BAFC8A-8A4F-4AC1-B9D6-1675527EE0B3}"
EndProject
Project("{9A19103F-16F7-4668-BE54-9A1E7A4F7556}") = "E08BeerKegs", "E08BeerKegs\E08BeerKegs.csproj", "{5716ED6D-1357-4872-B542-9D21A1F4F826}"
EndProject
Project("{9A19103F-16F7-4668-BE54-9A1E7A4F7556}") = "E09SpiceMustFlow", "E09SpiceMustFlow\E09SpiceMustFlow.csproj", "{EF8CA812-70D7-42BB-8662-859E2EEEFCD3}"
EndProject
Project("{9A19103F-16F7-4668-BE54-9A1E7A4F7556}") = "E10PokeMon", "E10PokeMon\E10PokeMon.csproj", "{83A8F986-E8D6-402F-8FF6-52152F407D84}"
EndProject
Project("{9A19103F-16F7-4668-BE54-9A1E7A4F7556}") = "E11Snowballs", "E11Snowballs\E11Snowballs.csproj", "{FC78D6F2-3494-45AC-8C1A-89012191ED3C}"
EndProject
Project("{9A19103F-16F7-4668-BE54-9A1E7A4F7556}") = "M01DataTypeFinder", "M01DataTypeFinder\M01DataTypeFinder.csproj", "{E50867BC-3134-40FC-8D5D-CBAE00A5AF03}"
EndProject
Project("{9A19103F-16F7-4668-BE54-9A1E7A4F7556}") = "M02FromLeftToTheRight", "M02FromLeftToTheRight\M02FromLeftToTheRight.csproj", "{394ED701-5D6C-4849-AF6D-53A48BD7A1B4}"
EndProject
Project("{FAE04EC0-301F-11D3-BF4B-00C04F79EFBC}") = "M03FloatingEquality", "M03FloatingEquality\M03FloatingEquality.csproj", "{A2832AD3-F6BB-4089-9E9F-39E5745357F5}"
EndProject
Project("{FAE04EC0-301F-11D3-BF4B-00C04F79EFBC}") = "M04RefactoringPrimeChecker", "M04RefactoringPrimeChecker\M04RefactoringPrimeChecker.csproj", "{816B55F3-F35B-4FFA-A140-689731B61539}"
EndProject
Project("{FAE04EC0-301F-11D3-BF4B-00C04F79EFBC}") = "M05DecryptingMessage", "M05DecryptingMessage\M05DecryptingMessage.csproj", "{1EF9EBBB-060E-4960-8E19-D17C9D0F15C8}"
EndProject
Project("{FAE04EC0-301F-11D3-BF4B-00C04F79EFBC}") = "M06BalancedBrackets", "M06BalancedBrackets\M06BalancedBrackets.csproj", "{B823C9FF-82A6-4E49-8D8C-EC4FFAF247E8}"
EndProject
Global
	GlobalSection(SolutionConfigurationPlatforms) = preSolution
		Debug|Any CPU = Debug|Any CPU
		Release|Any CPU = Release|Any CPU
	EndGlobalSection
	GlobalSection(ProjectConfigurationPlatforms) = postSolution
		{5F87A4FA-178D-483C-8186-941823D4727F}.Debug|Any CPU.ActiveCfg = Debug|Any CPU
		{5F87A4FA-178D-483C-8186-941823D4727F}.Debug|Any CPU.Build.0 = Debug|Any CPU
		{5F87A4FA-178D-483C-8186-941823D4727F}.Release|Any CPU.ActiveCfg = Release|Any CPU
		{5F87A4FA-178D-483C-8186-941823D4727F}.Release|Any CPU.Build.0 = Release|Any CPU
		{2CB5B91F-83F4-4245-86BB-C7ECFAC6FA19}.Debug|Any CPU.ActiveCfg = Debug|Any CPU
		{2CB5B91F-83F4-4245-86BB-C7ECFAC6FA19}.Debug|Any CPU.Build.0 = Debug|Any CPU
		{2CB5B91F-83F4-4245-86BB-C7ECFAC6FA19}.Release|Any CPU.ActiveCfg = Release|Any CPU
		{2CB5B91F-83F4-4245-86BB-C7ECFAC6FA19}.Release|Any CPU.Build.0 = Release|Any CPU
		{F1F20766-5BFE-4467-8CFD-BA62D182D7A2}.Debug|Any CPU.ActiveCfg = Debug|Any CPU
		{F1F20766-5BFE-4467-8CFD-BA62D182D7A2}.Debug|Any CPU.Build.0 = Debug|Any CPU
		{F1F20766-5BFE-4467-8CFD-BA62D182D7A2}.Release|Any CPU.ActiveCfg = Release|Any CPU
		{F1F20766-5BFE-4467-8CFD-BA62D182D7A2}.Release|Any CPU.Build.0 = Release|Any CPU
		{C09DD06E-0A5C-486C-81EC-50C77E175FC1}.Debug|Any CPU.ActiveCfg = Debug|Any CPU
		{C09DD06E-0A5C-486C-81EC-50C77E175FC1}.Debug|Any CPU.Build.0 = Debug|Any CPU
		{C09DD06E-0A5C-486C-81EC-50C77E175FC1}.Release|Any CPU.ActiveCfg = Release|Any CPU
		{C09DD06E-0A5C-486C-81EC-50C77E175FC1}.Release|Any CPU.Build.0 = Release|Any CPU
		{229A0B02-3FA6-40DC-9A5F-6CDF974BAA19}.Debug|Any CPU.ActiveCfg = Debug|Any CPU
		{229A0B02-3FA6-40DC-9A5F-6CDF974BAA19}.Debug|Any CPU.Build.0 = Debug|Any CPU
		{229A0B02-3FA6-40DC-9A5F-6CDF974BAA19}.Release|Any CPU.ActiveCfg = Release|Any CPU
		{229A0B02-3FA6-40DC-9A5F-6CDF974BAA19}.Release|Any CPU.Build.0 = Release|Any CPU
		{C8AA85FC-0505-4336-94DC-1FEF0F25D147}.Debug|Any CPU.ActiveCfg = Debug|Any CPU
		{C8AA85FC-0505-4336-94DC-1FEF0F25D147}.Debug|Any CPU.Build.0 = Debug|Any CPU
		{C8AA85FC-0505-4336-94DC-1FEF0F25D147}.Release|Any CPU.ActiveCfg = Release|Any CPU
		{C8AA85FC-0505-4336-94DC-1FEF0F25D147}.Release|Any CPU.Build.0 = Release|Any CPU
		{20D06CD4-FB14-4774-BB19-6718F6B094D1}.Debug|Any CPU.ActiveCfg = Debug|Any CPU
		{20D06CD4-FB14-4774-BB19-6718F6B094D1}.Debug|Any CPU.Build.0 = Debug|Any CPU
		{20D06CD4-FB14-4774-BB19-6718F6B094D1}.Release|Any CPU.ActiveCfg = Release|Any CPU
		{20D06CD4-FB14-4774-BB19-6718F6B094D1}.Release|Any CPU.Build.0 = Release|Any CPU
		{1AF9791C-D70B-4539-A6A0-1678234662D2}.Debug|Any CPU.ActiveCfg = Debug|Any CPU
		{1AF9791C-D70B-4539-A6A0-1678234662D2}.Debug|Any CPU.Build.0 = Debug|Any CPU
		{1AF9791C-D70B-4539-A6A0-1678234662D2}.Release|Any CPU.ActiveCfg = Release|Any CPU
		{1AF9791C-D70B-4539-A6A0-1678234662D2}.Release|Any CPU.Build.0 = Release|Any CPU
		{109B0E38-2BFF-4DDC-B4F9-DB346D8312BC}.Debug|Any CPU.ActiveCfg = Debug|Any CPU
		{109B0E38-2BFF-4DDC-B4F9-DB346D8312BC}.Debug|Any CPU.Build.0 = Debug|Any CPU
		{109B0E38-2BFF-4DDC-B4F9-DB346D8312BC}.Release|Any CPU.ActiveCfg = Release|Any CPU
		{109B0E38-2BFF-4DDC-B4F9-DB346D8312BC}.Release|Any CPU.Build.0 = Release|Any CPU
		{C95FACEF-C1E9-4E13-BB4F-A3CBE900CD93}.Debug|Any CPU.ActiveCfg = Debug|Any CPU
		{C95FACEF-C1E9-4E13-BB4F-A3CBE900CD93}.Debug|Any CPU.Build.0 = Debug|Any CPU
		{C95FACEF-C1E9-4E13-BB4F-A3CBE900CD93}.Release|Any CPU.ActiveCfg = Release|Any CPU
		{C95FACEF-C1E9-4E13-BB4F-A3CBE900CD93}.Release|Any CPU.Build.0 = Release|Any CPU
		{07652725-5213-433B-8650-403314275878}.Debug|Any CPU.ActiveCfg = Debug|Any CPU
		{07652725-5213-433B-8650-403314275878}.Debug|Any CPU.Build.0 = Debug|Any CPU
		{07652725-5213-433B-8650-403314275878}.Release|Any CPU.ActiveCfg = Release|Any CPU
		{07652725-5213-433B-8650-403314275878}.Release|Any CPU.Build.0 = Release|Any CPU
		{E7FE1149-852C-4D4C-ADA2-56780AA1E03B}.Debug|Any CPU.ActiveCfg = Debug|Any CPU
		{E7FE1149-852C-4D4C-ADA2-56780AA1E03B}.Debug|Any CPU.Build.0 = Debug|Any CPU
		{E7FE1149-852C-4D4C-ADA2-56780AA1E03B}.Release|Any CPU.ActiveCfg = Release|Any CPU
		{E7FE1149-852C-4D4C-ADA2-56780AA1E03B}.Release|Any CPU.Build.0 = Release|Any CPU
		{542881AD-3D09-4E98-B103-953293E0AB7C}.Debug|Any CPU.ActiveCfg = Debug|Any CPU
		{542881AD-3D09-4E98-B103-953293E0AB7C}.Debug|Any CPU.Build.0 = Debug|Any CPU
		{542881AD-3D09-4E98-B103-953293E0AB7C}.Release|Any CPU.ActiveCfg = Release|Any CPU
		{542881AD-3D09-4E98-B103-953293E0AB7C}.Release|Any CPU.Build.0 = Release|Any CPU
		{AB6E752F-A071-4E07-9F22-F989AF95B37D}.Debug|Any CPU.ActiveCfg = Debug|Any CPU
		{AB6E752F-A071-4E07-9F22-F989AF95B37D}.Debug|Any CPU.Build.0 = Debug|Any CPU
		{AB6E752F-A071-4E07-9F22-F989AF95B37D}.Release|Any CPU.ActiveCfg = Release|Any CPU
		{AB6E752F-A071-4E07-9F22-F989AF95B37D}.Release|Any CPU.Build.0 = Release|Any CPU
		{EBE8ED56-C1B9-4666-947E-09345A33E5C0}.Debug|Any CPU.ActiveCfg = Debug|Any CPU
		{EBE8ED56-C1B9-4666-947E-09345A33E5C0}.Debug|Any CPU.Build.0 = Debug|Any CPU
		{EBE8ED56-C1B9-4666-947E-09345A33E5C0}.Release|Any CPU.ActiveCfg = Release|Any CPU
		{EBE8ED56-C1B9-4666-947E-09345A33E5C0}.Release|Any CPU.Build.0 = Release|Any CPU
		{1FBF0AA6-F725-49DB-BBEA-0E1F87034411}.Debug|Any CPU.ActiveCfg = Debug|Any CPU
		{1FBF0AA6-F725-49DB-BBEA-0E1F87034411}.Debug|Any CPU.Build.0 = Debug|Any CPU
		{1FBF0AA6-F725-49DB-BBEA-0E1F87034411}.Release|Any CPU.ActiveCfg = Release|Any CPU
		{1FBF0AA6-F725-49DB-BBEA-0E1F87034411}.Release|Any CPU.Build.0 = Release|Any CPU
		{9E15A1BB-2EF2-41B2-8126-7176625B0779}.Debug|Any CPU.ActiveCfg = Debug|Any CPU
		{9E15A1BB-2EF2-41B2-8126-7176625B0779}.Debug|Any CPU.Build.0 = Debug|Any CPU
		{9E15A1BB-2EF2-41B2-8126-7176625B0779}.Release|Any CPU.ActiveCfg = Release|Any CPU
		{9E15A1BB-2EF2-41B2-8126-7176625B0779}.Release|Any CPU.Build.0 = Release|Any CPU
		{FCB03F34-9295-41F2-99B4-9BB5FEF1B2D6}.Debug|Any CPU.ActiveCfg = Debug|Any CPU
		{FCB03F34-9295-41F2-99B4-9BB5FEF1B2D6}.Debug|Any CPU.Build.0 = Debug|Any CPU
		{FCB03F34-9295-41F2-99B4-9BB5FEF1B2D6}.Release|Any CPU.ActiveCfg = Release|Any CPU
		{FCB03F34-9295-41F2-99B4-9BB5FEF1B2D6}.Release|Any CPU.Build.0 = Release|Any CPU
		{F3BAFC8A-8A4F-4AC1-B9D6-1675527EE0B3}.Debug|Any CPU.ActiveCfg = Debug|Any CPU
		{F3BAFC8A-8A4F-4AC1-B9D6-1675527EE0B3}.Debug|Any CPU.Build.0 = Debug|Any CPU
		{F3BAFC8A-8A4F-4AC1-B9D6-1675527EE0B3}.Release|Any CPU.ActiveCfg = Release|Any CPU
		{F3BAFC8A-8A4F-4AC1-B9D6-1675527EE0B3}.Release|Any CPU.Build.0 = Release|Any CPU
		{5716ED6D-1357-4872-B542-9D21A1F4F826}.Debug|Any CPU.ActiveCfg = Debug|Any CPU
		{5716ED6D-1357-4872-B542-9D21A1F4F826}.Debug|Any CPU.Build.0 = Debug|Any CPU
		{5716ED6D-1357-4872-B542-9D21A1F4F826}.Release|Any CPU.ActiveCfg = Release|Any CPU
		{5716ED6D-1357-4872-B542-9D21A1F4F826}.Release|Any CPU.Build.0 = Release|Any CPU
		{EF8CA812-70D7-42BB-8662-859E2EEEFCD3}.Debug|Any CPU.ActiveCfg = Debug|Any CPU
		{EF8CA812-70D7-42BB-8662-859E2EEEFCD3}.Debug|Any CPU.Build.0 = Debug|Any CPU
		{EF8CA812-70D7-42BB-8662-859E2EEEFCD3}.Release|Any CPU.ActiveCfg = Release|Any CPU
		{EF8CA812-70D7-42BB-8662-859E2EEEFCD3}.Release|Any CPU.Build.0 = Release|Any CPU
		{83A8F986-E8D6-402F-8FF6-52152F407D84}.Debug|Any CPU.ActiveCfg = Debug|Any CPU
		{83A8F986-E8D6-402F-8FF6-52152F407D84}.Debug|Any CPU.Build.0 = Debug|Any CPU
		{83A8F986-E8D6-402F-8FF6-52152F407D84}.Release|Any CPU.ActiveCfg = Release|Any CPU
		{83A8F986-E8D6-402F-8FF6-52152F407D84}.Release|Any CPU.Build.0 = Release|Any CPU
		{FC78D6F2-3494-45AC-8C1A-89012191ED3C}.Debug|Any CPU.ActiveCfg = Debug|Any CPU
		{FC78D6F2-3494-45AC-8C1A-89012191ED3C}.Debug|Any CPU.Build.0 = Debug|Any CPU
		{FC78D6F2-3494-45AC-8C1A-89012191ED3C}.Release|Any CPU.ActiveCfg = Release|Any CPU
		{FC78D6F2-3494-45AC-8C1A-89012191ED3C}.Release|Any CPU.Build.0 = Release|Any CPU
		{E50867BC-3134-40FC-8D5D-CBAE00A5AF03}.Debug|Any CPU.ActiveCfg = Debug|Any CPU
		{E50867BC-3134-40FC-8D5D-CBAE00A5AF03}.Debug|Any CPU.Build.0 = Debug|Any CPU
		{E50867BC-3134-40FC-8D5D-CBAE00A5AF03}.Release|Any CPU.ActiveCfg = Release|Any CPU
		{E50867BC-3134-40FC-8D5D-CBAE00A5AF03}.Release|Any CPU.Build.0 = Release|Any CPU
		{394ED701-5D6C-4849-AF6D-53A48BD7A1B4}.Debug|Any CPU.ActiveCfg = Debug|Any CPU
		{394ED701-5D6C-4849-AF6D-53A48BD7A1B4}.Debug|Any CPU.Build.0 = Debug|Any CPU
		{394ED701-5D6C-4849-AF6D-53A48BD7A1B4}.Release|Any CPU.ActiveCfg = Release|Any CPU
		{394ED701-5D6C-4849-AF6D-53A48BD7A1B4}.Release|Any CPU.Build.0 = Release|Any CPU
		{A2832AD3-F6BB-4089-9E9F-39E5745357F5}.Debug|Any CPU.ActiveCfg = Debug|Any CPU
		{A2832AD3-F6BB-4089-9E9F-39E5745357F5}.Debug|Any CPU.Build.0 = Debug|Any CPU
		{A2832AD3-F6BB-4089-9E9F-39E5745357F5}.Release|Any CPU.ActiveCfg = Release|Any CPU
		{A2832AD3-F6BB-4089-9E9F-39E5745357F5}.Release|Any CPU.Build.0 = Release|Any CPU
		{816B55F3-F35B-4FFA-A140-689731B61539}.Debug|Any CPU.ActiveCfg = Debug|Any CPU
		{816B55F3-F35B-4FFA-A140-689731B61539}.Debug|Any CPU.Build.0 = Debug|Any CPU
		{816B55F3-F35B-4FFA-A140-689731B61539}.Release|Any CPU.ActiveCfg = Release|Any CPU
		{816B55F3-F35B-4FFA-A140-689731B61539}.Release|Any CPU.Build.0 = Release|Any CPU
		{1EF9EBBB-060E-4960-8E19-D17C9D0F15C8}.Debug|Any CPU.ActiveCfg = Debug|Any CPU
		{1EF9EBBB-060E-4960-8E19-D17C9D0F15C8}.Debug|Any CPU.Build.0 = Debug|Any CPU
		{1EF9EBBB-060E-4960-8E19-D17C9D0F15C8}.Release|Any CPU.ActiveCfg = Release|Any CPU
		{1EF9EBBB-060E-4960-8E19-D17C9D0F15C8}.Release|Any CPU.Build.0 = Release|Any CPU
		{B823C9FF-82A6-4E49-8D8C-EC4FFAF247E8}.Debug|Any CPU.ActiveCfg = Debug|Any CPU
		{B823C9FF-82A6-4E49-8D8C-EC4FFAF247E8}.Debug|Any CPU.Build.0 = Debug|Any CPU
		{B823C9FF-82A6-4E49-8D8C-EC4FFAF247E8}.Release|Any CPU.ActiveCfg = Release|Any CPU
		{B823C9FF-82A6-4E49-8D8C-EC4FFAF247E8}.Release|Any CPU.Build.0 = Release|Any CPU
	EndGlobalSection
	GlobalSection(SolutionProperties) = preSolution
		HideSolutionNode = FALSE
	EndGlobalSection
	GlobalSection(ExtensibilityGlobals) = postSolution
		SolutionGuid = {37995EB5-2C8C-4F85-BE1A-B67F0392B4A6}
	EndGlobalSection
EndGlobal
