
Microsoft Visual Studio Solution File, Format Version 12.00
# Visual Studio Version 16
VisualStudioVersion = 16.0.30413.136
MinimumVisualStudioVersion = 10.0.40219.1
Project("{9A19103F-16F7-4668-BE54-9A1E7A4F7556}") = "C1T10", "C1T1\C1T10.csproj", "{F63BA76E-548E-4539-9D0A-0A97A3FEF962}"
EndProject
Project("{FAE04EC0-301F-11D3-BF4B-00C04F79EFBC}") = "C3T1", "C3T1\C3T1.csproj", "{A90EEF34-9130-415C-99F6-97FBCC0D5068}"
EndProject
Project("{FAE04EC0-301F-11D3-BF4B-00C04F79EFBC}") = "C3T2", "C3T2\C3T2.csproj", "{42271E11-4315-42EF-B36B-4E59DDCD53BA}"
EndProject
Project("{FAE04EC0-301F-11D3-BF4B-00C04F79EFBC}") = "C3T3", "C3T3\C3T3.csproj", "{E439D015-A91B-41EC-96A8-622239F32BB6}"
EndProject
Global
	GlobalSection(SolutionConfigurationPlatforms) = preSolution
		Debug|Any CPU = Debug|Any CPU
		Release|Any CPU = Release|Any CPU
	EndGlobalSection
	GlobalSection(ProjectConfigurationPlatforms) = postSolution
		{F63BA76E-548E-4539-9D0A-0A97A3FEF962}.Debug|Any CPU.ActiveCfg = Debug|Any CPU
		{F63BA76E-548E-4539-9D0A-0A97A3FEF962}.Debug|Any CPU.Build.0 = Debug|Any CPU
		{F63BA76E-548E-4539-9D0A-0A97A3FEF962}.Release|Any CPU.ActiveCfg = Release|Any CPU
		{F63BA76E-548E-4539-9D0A-0A97A3FEF962}.Release|Any CPU.Build.0 = Release|Any CPU
		{A90EEF34-9130-415C-99F6-97FBCC0D5068}.Debug|Any CPU.ActiveCfg = Debug|Any CPU
		{A90EEF34-9130-415C-99F6-97FBCC0D5068}.Debug|Any CPU.Build.0 = Debug|Any CPU
		{A90EEF34-9130-415C-99F6-97FBCC0D5068}.Release|Any CPU.ActiveCfg = Release|Any CPU
		{A90EEF34-9130-415C-99F6-97FBCC0D5068}.Release|Any CPU.Build.0 = Release|Any CPU
		{42271E11-4315-42EF-B36B-4E59DDCD53BA}.Debug|Any CPU.ActiveCfg = Debug|Any CPU
		{42271E11-4315-42EF-B36B-4E59DDCD53BA}.Debug|Any CPU.Build.0 = Debug|Any CPU
		{42271E11-4315-42EF-B36B-4E59DDCD53BA}.Release|Any CPU.ActiveCfg = Release|Any CPU
		{42271E11-4315-42EF-B36B-4E59DDCD53BA}.Release|Any CPU.Build.0 = Release|Any CPU
		{E439D015-A91B-41EC-96A8-622239F32BB6}.Debug|Any CPU.ActiveCfg = Debug|Any CPU
		{E439D015-A91B-41EC-96A8-622239F32BB6}.Debug|Any CPU.Build.0 = Debug|Any CPU
		{E439D015-A91B-41EC-96A8-622239F32BB6}.Release|Any CPU.ActiveCfg = Release|Any CPU
		{E439D015-A91B-41EC-96A8-622239F32BB6}.Release|Any CPU.Build.0 = Release|Any CPU
	EndGlobalSection
	GlobalSection(SolutionProperties) = preSolution
		HideSolutionNode = FALSE
	EndGlobalSection
	GlobalSection(ExtensibilityGlobals) = postSolution
		SolutionGuid = {1D27A368-A64B-42F5-AD2B-B7ECD281B745}
	EndGlobalSection
EndGlobal
